
Microsoft Visual Studio Solution File, Format Version 12.00
# Visual Studio Version 17
VisualStudioVersion = 17.14.36301.6
MinimumVisualStudioVersion = 10.0.40219.1
Project("{FAE04EC0-301F-11D3-BF4B-00C04F79EFBC}") = "ChatBot", "ChatBot\ChatBot.csproj", "{CFF1C7F7-AEBB-49A8-87BD-58C6528DB4EF}"
EndProject
Global
	GlobalSection(SolutionConfigurationPlatforms) = preSolution
		Debug|Any CPU = Debug|Any CPU
		Release|Any CPU = Release|Any CPU
	EndGlobalSection
	GlobalSection(ProjectConfigurationPlatforms) = postSolution
		{CFF1C7F7-AEBB-49A8-87BD-58C6528DB4EF}.Debug|Any CPU.ActiveCfg = Debug|Any CPU
		{CFF1C7F7-AEBB-49A8-87BD-58C6528DB4EF}.Debug|Any CPU.Build.0 = Debug|Any CPU
		{CFF1C7F7-AEBB-49A8-87BD-58C6528DB4EF}.Release|Any CPU.ActiveCfg = Release|Any CPU
		{CFF1C7F7-AEBB-49A8-87BD-58C6528DB4EF}.Release|Any CPU.Build.0 = Release|Any CPU
	EndGlobalSection
	GlobalSection(SolutionProperties) = preSolution
		HideSolutionNode = FALSE
	EndGlobalSection
	GlobalSection(ExtensibilityGlobals) = postSolution
		SolutionGuid = {52A6F061-2FAF-4E43-809A-73816C03AF4E}
	EndGlobalSection
EndGlobal
